# This file is autogenerated, do not edit; changes may be undone by the next 'dep ensure'.


[[projects]]
  branch = "master"
  name = "github.com/gavinzhs/utils"
  packages = ["."]
  revision = "1be71dec104ba62ebd56dfc96115709fe0671f5c"

[solve-meta]
  analyzer-name = "dep"
  analyzer-version = 1
  inputs-digest = "dfe21ec3bd7a905cd8c6fe550c5f58a3b378b67a0c473523e493464f8438a70a"
  solver-name = "gps-cdcl"
  solver-version = 1
